Microsoft Visual Studio Solution File, Format Version 11.00
# Visual Studio 2008

Project("{E3B8053E-2F99-DC98-402D-434372A33372}") = "GoldVenus", "Assembly-CSharp-firstpass-vs.csproj", "{C6D5E445-0025-5C49-AAF2-2232D0501428}"
EndProject
Project("{E3B8053E-2F99-DC98-402D-434372A33372}") = "GoldVenus", "Assembly-CSharp-vs.csproj", "{A1669F32-305D-C6C3-3212-FD82628522FE}"
EndProject
Project("{E3B8053E-2F99-DC98-402D-434372A33372}") = "GoldVenus", "Assembly-CSharp-Editor-vs.csproj", "{5534DAAB-DEB7-B0EB-8985-859F3F45909D}"
EndProject
Global
	GlobalSection(SolutionConfigurationPlatforms) = preSolution
		Debug|Any CPU = Debug|Any CPU
		Release|Any CPU = Release|Any CPU
	EndGlobalSection
	GlobalSection(ProjectConfigurationPlatforms) = postSolution
		{C6D5E445-0025-5C49-AAF2-2232D0501428}.Debug|Any CPU.ActiveCfg = Debug|Any CPU
		{C6D5E445-0025-5C49-AAF2-2232D0501428}.Debug|Any CPU.Build.0 = Debug|Any CPU
		{C6D5E445-0025-5C49-AAF2-2232D0501428}.Release|Any CPU.ActiveCfg = Release|Any CPU
		{C6D5E445-0025-5C49-AAF2-2232D0501428}.Release|Any CPU.Build.0 = Release|Any CPU
		{A1669F32-305D-C6C3-3212-FD82628522FE}.Debug|Any CPU.ActiveCfg = Debug|Any CPU
		{A1669F32-305D-C6C3-3212-FD82628522FE}.Debug|Any CPU.Build.0 = Debug|Any CPU
		{A1669F32-305D-C6C3-3212-FD82628522FE}.Release|Any CPU.ActiveCfg = Release|Any CPU
		{A1669F32-305D-C6C3-3212-FD82628522FE}.Release|Any CPU.Build.0 = Release|Any CPU
		{5534DAAB-DEB7-B0EB-8985-859F3F45909D}.Debug|Any CPU.ActiveCfg = Debug|Any CPU
		{5534DAAB-DEB7-B0EB-8985-859F3F45909D}.Debug|Any CPU.Build.0 = Debug|Any CPU
		{5534DAAB-DEB7-B0EB-8985-859F3F45909D}.Release|Any CPU.ActiveCfg = Release|Any CPU
		{5534DAAB-DEB7-B0EB-8985-859F3F45909D}.Release|Any CPU.Build.0 = Release|Any CPU
	EndGlobalSection
	GlobalSection(SolutionProperties) = preSolution
		HideSolutionNode = FALSE
	EndGlobalSection
								GlobalSection(MonoDevelopProperties) = preSolution
		StartupItem = Assembly-CSharp.csproj
		Policies = $0
		$0.TextStylePolicy = $1
		$1.inheritsSet = null
		$1.scope = text/x-csharp
		$0.CSharpFormattingPolicy = $2
		$2.inheritsSet = Mono
		$2.inheritsScope = text/x-csharp
		$2.scope = text/x-csharp
		$0.TextStylePolicy = $3
		$3.FileWidth = 120
		$3.TabWidth = 4
		$3.IndentWidth = 4
		$3.EolMarker = Unix
		$3.inheritsSet = Mono
		$3.inheritsScope = text/plain
		$3.scope = text/plain
	EndGlobalSection

EndGlobal
